// !$*UTF8*$!
{
	archiveVersion = 1;
	classes = {
	};
	objectVersion = 46;
	objects = {

/* Begin PBXBuildFile section */
		9359E2801E5DD3CF00968E8B /* AudioFileCreationTests.swift in Sources */ = {isa = PBXBuildFile; fileRef = 9359E27F1E5DD3CF00968E8B /* AudioFileCreationTests.swift */; };
		9359E2811E5DD6D400968E8B /* AudioFileCreationTests.swift in Sources */ = {isa = PBXBuildFile; fileRef = 9359E27F1E5DD3CF00968E8B /* AudioFileCreationTests.swift */; };
		93C9966A1E5DC2C3009184BF /* Tests_iOS.swift in Sources */ = {isa = PBXBuildFile; fileRef = 93C996691E5DC2C3009184BF /* Tests_iOS.swift */; };
		93C996761E5DC2E0009184BF /* Tests_macOS.swift in Sources */ = {isa = PBXBuildFile; fileRef = 93C996751E5DC2E0009184BF /* Tests_macOS.swift */; };
		B5A0388E7457F9FE7F1D1FF5 /* Pods_Tests_macOS.framework in Frameworks */ = {isa = PBXBuildFile; fileRef = ABF33F7FC17C88E9B593D290 /* Pods_Tests_macOS.framework */; };
		FAB2B22897DBD5AF9D06A413 /* Pods_Tests_iOS.framework in Frameworks */ = {isa = PBXBuildFile; fileRef = 870731D2DAF6CF57D396DF3F /* Pods_Tests_iOS.framework */; };
/* End PBXBuildFile section */

/* Begin PBXFileReference section */
		286940AF3AC2854BE3A7ED85 /* Pods-Tests-macOS.release.xcconfig */ = {isa = PBXFileReference; includeInIndex = 1; lastKnownFileType = text.xcconfig; name = "Pods-Tests-macOS.release.xcconfig"; path = "Pods/Target Support Files/Pods-Tests-macOS/Pods-Tests-macOS.release.xcconfig"; sourceTree = "<group>"; };
		870731D2DAF6CF57D396DF3F /* Pods_Tests_iOS.framework */ = {isa = PBXFileReference; explicitFileType = wrapper.framework; includeInIndex = 0; path = Pods_Tests_iOS.framework; sourceTree = BUILT_PRODUCTS_DIR; };
		9359E27F1E5DD3CF00968E8B /* AudioFileCreationTests.swift */ = {isa = PBXFileReference; fileEncoding = 4; lastKnownFileType = sourcecode.swift; name = AudioFileCreationTests.swift; path = "Tests-Common/AudioFileCreationTests.swift"; sourceTree = "<group>"; };
		93C996661E5DC2C3009184BF /* Tests-iOS.xctest */ = {isa = PBXFileReference; explicitFileType = wrapper.cfbundle; includeInIndex = 0; path = "Tests-iOS.xctest"; sourceTree = BUILT_PRODUCTS_DIR; };
		93C996691E5DC2C3009184BF /* Tests_iOS.swift */ = {isa = PBXFileReference; lastKnownFileType = sourcecode.swift; path = Tests_iOS.swift; sourceTree = "<group>"; };
		93C9966B1E5DC2C3009184BF /* Info.plist */ = {isa = PBXFileReference; lastKnownFileType = text.plist.xml; path = Info.plist; sourceTree = "<group>"; };
		93C996731E5DC2E0009184BF /* Tests-macOS.xctest */ = {isa = PBXFileReference; explicitFileType = wrapper.cfbundle; includeInIndex = 0; path = "Tests-macOS.xctest"; sourceTree = BUILT_PRODUCTS_DIR; };
		93C996751E5DC2E0009184BF /* Tests_macOS.swift */ = {isa = PBXFileReference; lastKnownFileType = sourcecode.swift; path = Tests_macOS.swift; sourceTree = "<group>"; };
		93C996771E5DC2E0009184BF /* Info.plist */ = {isa = PBXFileReference; lastKnownFileType = text.plist.xml; path = Info.plist; sourceTree = "<group>"; };
		9F1AB5D4E9BB7D1A5A1E94B2 /* Pods-Tests-macOS.debug.xcconfig */ = {isa = PBXFileReference; includeInIndex = 1; lastKnownFileType = text.xcconfig; name = "Pods-Tests-macOS.debug.xcconfig"; path = "Pods/Target Support Files/Pods-Tests-macOS/Pods-Tests-macOS.debug.xcconfig"; sourceTree = "<group>"; };
		A05A4BC4F0C803422EB829A2 /* Pods-Tests-iOS.release.xcconfig */ = {isa = PBXFileReference; includeInIndex = 1; lastKnownFileType = text.xcconfig; name = "Pods-Tests-iOS.release.xcconfig"; path = "Pods/Target Support Files/Pods-Tests-iOS/Pods-Tests-iOS.release.xcconfig"; sourceTree = "<group>"; };
		ABF33F7FC17C88E9B593D290 /* Pods_Tests_macOS.framework */ = {isa = PBXFileReference; explicitFileType = wrapper.framework; includeInIndex = 0; path = Pods_Tests_macOS.framework; sourceTree = BUILT_PRODUCTS_DIR; };
		ACD8E1BBFEEDFB82287C64CE /* Pods-Tests-iOS.debug.xcconfig */ = {isa = PBXFileReference; includeInIndex = 1; lastKnownFileType = text.xcconfig; name = "Pods-Tests-iOS.debug.xcconfig"; path = "Pods/Target Support Files/Pods-Tests-iOS/Pods-Tests-iOS.debug.xcconfig"; sourceTree = "<group>"; };
/* End PBXFileReference section */

/* Begin PBXFrameworksBuildPhase section */
		93C996631E5DC2C3009184BF /* Frameworks */ = {
			isa = PBXFrameworksBuildPhase;
			buildActionMask = 2147483647;
			files = (
				FAB2B22897DBD5AF9D06A413 /* Pods_Tests_iOS.framework in Frameworks */,
			);
			runOnlyForDeploymentPostprocessing = 0;
		};
		93C996701E5DC2E0009184BF /* Frameworks */ = {
			isa = PBXFrameworksBuildPhase;
			buildActionMask = 2147483647;
			files = (
				B5A0388E7457F9FE7F1D1FF5 /* Pods_Tests_macOS.framework in Frameworks */,
			);
			runOnlyForDeploymentPostprocessing = 0;
		};
/* End PBXFrameworksBuildPhase section */

/* Begin PBXGroup section */
		4CD43980FFC2F61E928DF694 /* Frameworks */ = {
			isa = PBXGroup;
			children = (
				870731D2DAF6CF57D396DF3F /* Pods_Tests_iOS.framework */,
				ABF33F7FC17C88E9B593D290 /* Pods_Tests_macOS.framework */,
			);
			name = Frameworks;
			sourceTree = "<group>";
		};
		93C9965B1E5DC2AE009184BF = {
			isa = PBXGroup;
			children = (
				93C9967B1E5DC2F0009184BF /* Tests-Common */,
				93C996681E5DC2C3009184BF /* Tests-iOS */,
				93C996741E5DC2E0009184BF /* Tests-macOS */,
				93C996671E5DC2C3009184BF /* Products */,
				9CAA855EBC45550044DFBED7 /* Pods */,
				4CD43980FFC2F61E928DF694 /* Frameworks */,
			);
			sourceTree = "<group>";
		};
		93C996671E5DC2C3009184BF /* Products */ = {
			isa = PBXGroup;
			children = (
				93C996661E5DC2C3009184BF /* Tests-iOS.xctest */,
				93C996731E5DC2E0009184BF /* Tests-macOS.xctest */,
			);
			name = Products;
			sourceTree = "<group>";
		};
		93C996681E5DC2C3009184BF /* Tests-iOS */ = {
			isa = PBXGroup;
			children = (
				93C996691E5DC2C3009184BF /* Tests_iOS.swift */,
				93C9966B1E5DC2C3009184BF /* Info.plist */,
			);
			path = "Tests-iOS";
			sourceTree = "<group>";
		};
		93C996741E5DC2E0009184BF /* Tests-macOS */ = {
			isa = PBXGroup;
			children = (
				93C996751E5DC2E0009184BF /* Tests_macOS.swift */,
				93C996771E5DC2E0009184BF /* Info.plist */,
			);
			path = "Tests-macOS";
			sourceTree = "<group>";
		};
		93C9967B1E5DC2F0009184BF /* Tests-Common */ = {
			isa = PBXGroup;
			children = (
				9359E27F1E5DD3CF00968E8B /* AudioFileCreationTests.swift */,
			);
			name = "Tests-Common";
			sourceTree = "<group>";
		};
		9CAA855EBC45550044DFBED7 /* Pods */ = {
			isa = PBXGroup;
			children = (
				ACD8E1BBFEEDFB82287C64CE /* Pods-Tests-iOS.debug.xcconfig */,
				A05A4BC4F0C803422EB829A2 /* Pods-Tests-iOS.release.xcconfig */,
				9F1AB5D4E9BB7D1A5A1E94B2 /* Pods-Tests-macOS.debug.xcconfig */,
				286940AF3AC2854BE3A7ED85 /* Pods-Tests-macOS.release.xcconfig */,
			);
			name = Pods;
			sourceTree = "<group>";
		};
/* End PBXGroup section */

/* Begin PBXNativeTarget section */
		93C996651E5DC2C3009184BF /* Tests-iOS */ = {
			isa = PBXNativeTarget;
			buildConfigurationList = 93C9966C1E5DC2C3009184BF /* Build configuration list for PBXNativeTarget "Tests-iOS" */;
			buildPhases = (
				174CAE471D38BC11A4EFEFA5 /* [CP] Check Pods Manifest.lock */,
				93C996621E5DC2C3009184BF /* Sources */,
				93C996631E5DC2C3009184BF /* Frameworks */,
				93C996641E5DC2C3009184BF /* Resources */,
				F42C6A5416D3D0E19DDB128B /* [CP] Embed Pods Frameworks */,
				83205A360F344DB4E8DE910F /* [CP] Copy Pods Resources */,
			);
			buildRules = (
			);
			dependencies = (
			);
			name = "Tests-iOS";
			productName = "Tests-iOS";
			productReference = 93C996661E5DC2C3009184BF /* Tests-iOS.xctest */;
			productType = "com.apple.product-type.bundle.unit-test";
		};
		93C996721E5DC2E0009184BF /* Tests-macOS */ = {
			isa = PBXNativeTarget;
			buildConfigurationList = 93C996781E5DC2E0009184BF /* Build configuration list for PBXNativeTarget "Tests-macOS" */;
			buildPhases = (
				0998DAB06039B6B09FAD1146 /* [CP] Check Pods Manifest.lock */,
				93C9966F1E5DC2E0009184BF /* Sources */,
				93C996701E5DC2E0009184BF /* Frameworks */,
				93C996711E5DC2E0009184BF /* Resources */,
				407001D067B53EFD197A8D96 /* [CP] Embed Pods Frameworks */,
				4E10A2B6B4795A3F5ACC3221 /* [CP] Copy Pods Resources */,
			);
			buildRules = (
			);
			dependencies = (
			);
			name = "Tests-macOS";
			productName = "Tests-macOS";
			productReference = 93C996731E5DC2E0009184BF /* Tests-macOS.xctest */;
			productType = "com.apple.product-type.bundle.unit-test";
		};
/* End PBXNativeTarget section */

/* Begin PBXProject section */
		93C9965C1E5DC2AE009184BF /* Project object */ = {
			isa = PBXProject;
			attributes = {
				LastSwiftUpdateCheck = 0820;
				LastUpgradeCheck = 0820;
				TargetAttributes = {
					93C996651E5DC2C3009184BF = {
						CreatedOnToolsVersion = 8.2.1;
						ProvisioningStyle = Automatic;
					};
					93C996721E5DC2E0009184BF = {
						CreatedOnToolsVersion = 8.2.1;
						ProvisioningStyle = Automatic;
					};
				};
			};
			buildConfigurationList = 93C9965F1E5DC2AE009184BF /* Build configuration list for PBXProject "TestProject" */;
			compatibilityVersion = "Xcode 3.2";
			developmentRegion = English;
			hasScannedForEncodings = 0;
			knownRegions = (
				en,
			);
			mainGroup = 93C9965B1E5DC2AE009184BF;
			productRefGroup = 93C996671E5DC2C3009184BF /* Products */;
			projectDirPath = "";
			projectRoot = "";
			targets = (
				93C996651E5DC2C3009184BF /* Tests-iOS */,
				93C996721E5DC2E0009184BF /* Tests-macOS */,
			);
		};
/* End PBXProject section */

/* Begin PBXResourcesBuildPhase section */
		93C996641E5DC2C3009184BF /* Resources */ = {
			isa = PBXResourcesBuildPhase;
			buildActionMask = 2147483647;
			files = (
			);
			runOnlyForDeploymentPostprocessing = 0;
		};
		93C996711E5DC2E0009184BF /* Resources */ = {
			isa = PBXResourcesBuildPhase;
			buildActionMask = 2147483647;
			files = (
			);
			runOnlyForDeploymentPostprocessing = 0;
		};
/* End PBXResourcesBuildPhase section */

/* Begin PBXShellScriptBuildPhase section */
		0998DAB06039B6B09FAD1146 /* [CP] Check Pods Manifest.lock */ = {
			isa = PBXShellScriptBuildPhase;
			buildActionMask = 2147483647;
			files = (
			);
			inputPaths = (
			);
			name = "[CP] Check Pods Manifest.lock";
			outputPaths = (
			);
			runOnlyForDeploymentPostprocessing = 0;
			shellPath = /bin/sh;
			shellScript = "diff \"${PODS_ROOT}/../Podfile.lock\" \"${PODS_ROOT}/Manifest.lock\" > /dev/null\nif [ $? != 0 ] ; then\n    # print error to STDERR\n    echo \"error: The sandbox is not in sync with the Podfile.lock. Run 'pod install' or update your CocoaPods installation.\" >&2\n    exit 1\nfi\n";
			showEnvVarsInLog = 0;
		};
		174CAE471D38BC11A4EFEFA5 /* [CP] Check Pods Manifest.lock */ = {
			isa = PBXShellScriptBuildPhase;
			buildActionMask = 2147483647;
			files = (
			);
			inputPaths = (
			);
			name = "[CP] Check Pods Manifest.lock";
			outputPaths = (
			);
			runOnlyForDeploymentPostprocessing = 0;
			shellPath = /bin/sh;
			shellScript = "diff \"${PODS_ROOT}/../Podfile.lock\" \"${PODS_ROOT}/Manifest.lock\" > /dev/null\nif [ $? != 0 ] ; then\n    # print error to STDERR\n    echo \"error: The sandbox is not in sync with the Podfile.lock. Run 'pod install' or update your CocoaPods installation.\" >&2\n    exit 1\nfi\n";
			showEnvVarsInLog = 0;
		};
		407001D067B53EFD197A8D96 /* [CP] Embed Pods Frameworks */ = {
			isa = PBXShellScriptBuildPhase;
			buildActionMask = 2147483647;
			files = (
			);
			inputPaths = (
			);
			name = "[CP] Embed Pods Frameworks";
			outputPaths = (
			);
			runOnlyForDeploymentPostprocessing = 0;
			shellPath = /bin/sh;
			shellScript = "\"${SRCROOT}/Pods/Target Support Files/Pods-Tests-macOS/Pods-Tests-macOS-frameworks.sh\"\n";
			showEnvVarsInLog = 0;
		};
		4E10A2B6B4795A3F5ACC3221 /* [CP] Copy Pods Resources */ = {
			isa = PBXShellScriptBuildPhase;
			buildActionMask = 2147483647;
			files = (
			);
			inputPaths = (
			);
			name = "[CP] Copy Pods Resources";
			outputPaths = (
			);
			runOnlyForDeploymentPostprocessing = 0;
			shellPath = /bin/sh;
			shellScript = "\"${SRCROOT}/Pods/Target Support Files/Pods-Tests-macOS/Pods-Tests-macOS-resources.sh\"\n";
			showEnvVarsInLog = 0;
		};
		83205A360F344DB4E8DE910F /* [CP] Copy Pods Resources */ = {
			isa = PBXShellScriptBuildPhase;
			buildActionMask = 2147483647;
			files = (
			);
			inputPaths = (
			);
			name = "[CP] Copy Pods Resources";
			outputPaths = (
			);
			runOnlyForDeploymentPostprocessing = 0;
			shellPath = /bin/sh;
			shellScript = "\"${SRCROOT}/Pods/Target Support Files/Pods-Tests-iOS/Pods-Tests-iOS-resources.sh\"\n";
			showEnvVarsInLog = 0;
		};
		F42C6A5416D3D0E19DDB128B /* [CP] Embed Pods Frameworks */ = {
			isa = PBXShellScriptBuildPhase;
			buildActionMask = 2147483647;
			files = (
			);
			inputPaths = (
			);
			name = "[CP] Embed Pods Frameworks";
			outputPaths = (
			);
			runOnlyForDeploymentPostprocessing = 0;
			shellPath = /bin/sh;
			shellScript = "\"${SRCROOT}/Pods/Target Support Files/Pods-Tests-iOS/Pods-Tests-iOS-frameworks.sh\"\n";
			showEnvVarsInLog = 0;
		};
/* End PBXShellScriptBuildPhase section */

/* Begin PBXSourcesBuildPhase section */
		93C996621E5DC2C3009184BF /* Sources */ = {
			isa = PBXSourcesBuildPhase;
			buildActionMask = 2147483647;
			files = (
				93C9966A1E5DC2C3009184BF /* Tests_iOS.swift in Sources */,
				9359E2801E5DD3CF00968E8B /* AudioFileCreationTests.swift in Sources */,
			);
			runOnlyForDeploymentPostprocessing = 0;
		};
		93C9966F1E5DC2E0009184BF /* Sources */ = {
			isa = PBXSourcesBuildPhase;
			buildActionMask = 2147483647;
			files = (
				93C996761E5DC2E0009184BF /* Tests_macOS.swift in Sources */,
				9359E2811E5DD6D400968E8B /* AudioFileCreationTests.swift in Sources */,
			);
			runOnlyForDeploymentPostprocessing = 0;
		};
/* End PBXSourcesBuildPhase section */

/* Begin XCBuildConfiguration section */
		93C996601E5DC2AE009184BF /* Debug */ = {
			isa = XCBuildConfiguration;
			buildSettings = {
			};
			name = Debug;
		};
		93C996611E5DC2AE009184BF /* Release */ = {
			isa = XCBuildConfiguration;
			buildSettings = {
			};
			name = Release;
		};
		93C9966D1E5DC2C3009184BF /* Debug */ = {
			isa = XCBuildConfiguration;
			baseConfigurationReference = ACD8E1BBFEEDFB82287C64CE /* Pods-Tests-iOS.debug.xcconfig */;
			buildSettings = {
				ALWAYS_SEARCH_USER_PATHS = NO;
				CLANG_ANALYZER_NONNULL = YES;
				CLANG_CXX_LANGUAGE_STANDARD = "gnu++0x";
				CLANG_CXX_LIBRARY = "libc++";
				CLANG_ENABLE_MODULES = YES;
				CLANG_ENABLE_OBJC_ARC = YES;
				CLANG_WARN_BOOL_CONVERSION = YES;
				CLANG_WARN_CONSTANT_CONVERSION = YES;
				CLANG_WARN_DIRECT_OBJC_ISA_USAGE = YES_ERROR;
				CLANG_WARN_DOCUMENTATION_COMMENTS = YES;
				CLANG_WARN_EMPTY_BODY = YES;
				CLANG_WARN_ENUM_CONVERSION = YES;
				CLANG_WARN_INFINITE_RECURSION = YES;
				CLANG_WARN_INT_CONVERSION = YES;
				CLANG_WARN_OBJC_ROOT_CLASS = YES_ERROR;
				CLANG_WARN_SUSPICIOUS_MOVE = YES;
				CLANG_WARN_UNREACHABLE_CODE = YES;
				CLANG_WARN__DUPLICATE_METHOD_MATCH = YES;
				"CODE_SIGN_IDENTITY[sdk=iphoneos*]" = "iPhone Developer";
				COPY_PHASE_STRIP = NO;
				DEBUG_INFORMATION_FORMAT = dwarf;
				ENABLE_STRICT_OBJC_MSGSEND = YES;
				ENABLE_TESTABILITY = YES;
				GCC_C_LANGUAGE_STANDARD = gnu99;
				GCC_DYNAMIC_NO_PIC = NO;
				GCC_NO_COMMON_BLOCKS = YES;
				GCC_OPTIMIZATION_LEVEL = 0;
				GCC_PREPROCESSOR_DEFINITIONS = (
					"DEBUG=1",
					"$(inherited)",
				);
				GCC_WARN_64_TO_32_BIT_CONVERSION = YES;
				GCC_WARN_ABOUT_RETURN_TYPE = YES_ERROR;
				GCC_WARN_UNDECLARED_SELECTOR = YES;
				GCC_WARN_UNINITIALIZED_AUTOS = YES_AGGRESSIVE;
				GCC_WARN_UNUSED_FUNCTION = YES;
				GCC_WARN_UNUSED_VARIABLE = YES;
				INFOPLIST_FILE = "Tests-iOS/Info.plist";
				IPHONEOS_DEPLOYMENT_TARGET = 10.2;
				LD_RUNPATH_SEARCH_PATHS = "$(inherited) @executable_path/Frameworks @loader_path/Frameworks";
				MTL_ENABLE_DEBUG_INFO = YES;
				ONLY_ACTIVE_ARCH = YES;
				PRODUCT_BUNDLE_IDENTIFIER = "com.letvargo.Tests-iOS";
				PRODUCT_NAME = "$(TARGET_NAME)";
				SDKROOT = iphoneos;
				SWIFT_ACTIVE_COMPILATION_CONDITIONS = DEBUG;
				SWIFT_OPTIMIZATION_LEVEL = "-Onone";
				SWIFT_VERSION = 3.0;
			};
			name = Debug;
		};
		93C9966E1E5DC2C3009184BF /* Release */ = {
			isa = XCBuildConfiguration;
			baseConfigurationReference = A05A4BC4F0C803422EB829A2 /* Pods-Tests-iOS.release.xcconfig */;
			buildSettings = {
				ALWAYS_SEARCH_USER_PATHS = NO;
				CLANG_ANALYZER_NONNULL = YES;
				CLANG_CXX_LANGUAGE_STANDARD = "gnu++0x";
				CLANG_CXX_LIBRARY = "libc++";
				CLANG_ENABLE_MODULES = YES;
				CLANG_ENABLE_OBJC_ARC = YES;
				CLANG_WARN_BOOL_CONVERSION = YES;
				CLANG_WARN_CONSTANT_CONVERSION = YES;
				CLANG_WARN_DIRECT_OBJC_ISA_USAGE = YES_ERROR;
				CLANG_WARN_DOCUMENTATION_COMMENTS = YES;
				CLANG_WARN_EMPTY_BODY = YES;
				CLANG_WARN_ENUM_CONVERSION = YES;
				CLANG_WARN_INFINITE_RECURSION = YES;
				CLANG_WARN_INT_CONVERSION = YES;
				CLANG_WARN_OBJC_ROOT_CLASS = YES_ERROR;
				CLANG_WARN_SUSPICIOUS_MOVE = YES;
				CLANG_WARN_UNREACHABLE_CODE = YES;
				CLANG_WARN__DUPLICATE_METHOD_MATCH = YES;
				"CODE_SIGN_IDENTITY[sdk=iphoneos*]" = "iPhone Developer";
				COPY_PHASE_STRIP = NO;
				DEBUG_INFORMATION_FORMAT = "dwarf-with-dsym";
				ENABLE_NS_ASSERTIONS = NO;
				ENABLE_STRICT_OBJC_MSGSEND = YES;
				GCC_C_LANGUAGE_STANDARD = gnu99;
				GCC_NO_COMMON_BLOCKS = YES;
				GCC_WARN_64_TO_32_BIT_CONVERSION = YES;
				GCC_WARN_ABOUT_RETURN_TYPE = YES_ERROR;
				GCC_WARN_UNDECLARED_SELECTOR = YES;
				GCC_WARN_UNINITIALIZED_AUTOS = YES_AGGRESSIVE;
				GCC_WARN_UNUSED_FUNCTION = YES;
				GCC_WARN_UNUSED_VARIABLE = YES;
				INFOPLIST_FILE = "Tests-iOS/Info.plist";
				IPHONEOS_DEPLOYMENT_TARGET = 10.2;
				LD_RUNPATH_SEARCH_PATHS = "$(inherited) @executable_path/Frameworks @loader_path/Frameworks";
				MTL_ENABLE_DEBUG_INFO = NO;
				PRODUCT_BUNDLE_IDENTIFIER = "com.letvargo.Tests-iOS";
				PRODUCT_NAME = "$(TARGET_NAME)";
				SDKROOT = iphoneos;
				SWIFT_OPTIMIZATION_LEVEL = "-Owholemodule";
				SWIFT_VERSION = 3.0;
				VALIDATE_PRODUCT = YES;
			};
			name = Release;
		};
		93C996791E5DC2E0009184BF /* Debug */ = {
			isa = XCBuildConfiguration;
			baseConfigurationReference = 9F1AB5D4E9BB7D1A5A1E94B2 /* Pods-Tests-macOS.debug.xcconfig */;
			buildSettings = {
				ALWAYS_SEARCH_USER_PATHS = NO;
				CLANG_ANALYZER_NONNULL = YES;
				CLANG_CXX_LANGUAGE_STANDARD = "gnu++0x";
				CLANG_CXX_LIBRARY = "libc++";
				CLANG_ENABLE_MODULES = YES;
				CLANG_ENABLE_OBJC_ARC = YES;
				CLANG_WARN_BOOL_CONVERSION = YES;
				CLANG_WARN_CONSTANT_CONVERSION = YES;
				CLANG_WARN_DIRECT_OBJC_ISA_USAGE = YES_ERROR;
				CLANG_WARN_DOCUMENTATION_COMMENTS = YES;
				CLANG_WARN_EMPTY_BODY = YES;
				CLANG_WARN_ENUM_CONVERSION = YES;
				CLANG_WARN_INFINITE_RECURSION = YES;
				CLANG_WARN_INT_CONVERSION = YES;
				CLANG_WARN_OBJC_ROOT_CLASS = YES_ERROR;
				CLANG_WARN_SUSPICIOUS_MOVE = YES;
				CLANG_WARN_UNREACHABLE_CODE = YES;
				CLANG_WARN__DUPLICATE_METHOD_MATCH = YES;
				CODE_SIGN_IDENTITY = "-";
				COMBINE_HIDPI_IMAGES = YES;
				COPY_PHASE_STRIP = NO;
				DEBUG_INFORMATION_FORMAT = dwarf;
				ENABLE_STRICT_OBJC_MSGSEND = YES;
				ENABLE_TESTABILITY = YES;
				GCC_C_LANGUAGE_STANDARD = gnu99;
				GCC_DYNAMIC_NO_PIC = NO;
				GCC_NO_COMMON_BLOCKS = YES;
				GCC_OPTIMIZATION_LEVEL = 0;
				GCC_PREPROCESSOR_DEFINITIONS = (
					"DEBUG=1",
					"$(inherited)",
				);
				GCC_WARN_64_TO_32_BIT_CONVERSION = YES;
				GCC_WARN_ABOUT_RETURN_TYPE = YES_ERROR;
				GCC_WARN_UNDECLARED_SELECTOR = YES;
				GCC_WARN_UNINITIALIZED_AUTOS = YES_AGGRESSIVE;
				GCC_WARN_UNUSED_FUNCTION = YES;
				GCC_WARN_UNUSED_VARIABLE = YES;
				INFOPLIST_FILE = "Tests-macOS/Info.plist";
				LD_RUNPATH_SEARCH_PATHS = "$(inherited) @executable_path/../Frameworks @loader_path/../Frameworks";
				MACOSX_DEPLOYMENT_TARGET = 10.12;
				MTL_ENABLE_DEBUG_INFO = YES;
				ONLY_ACTIVE_ARCH = YES;
				PRODUCT_BUNDLE_IDENTIFIER = "com.letvargo.Tests-macOS";
				PRODUCT_NAME = "$(TARGET_NAME)";
				SDKROOT = macosx;
				SWIFT_ACTIVE_COMPILATION_CONDITIONS = DEBUG;
				SWIFT_OPTIMIZATION_LEVEL = "-Onone";
				SWIFT_VERSION = 3.0;
			};
			name = Debug;
		};
		93C9967A1E5DC2E0009184BF /* Release */ = {
			isa = XCBuildConfiguration;
			baseConfigurationReference = 286940AF3AC2854BE3A7ED85 /* Pods-Tests-macOS.release.xcconfig */;
			buildSettings = {
				ALWAYS_SEARCH_USER_PATHS = NO;
				CLANG_ANALYZER_NONNULL = YES;
				CLANG_CXX_LANGUAGE_STANDARD = "gnu++0x";
				CLANG_CXX_LIBRARY = "libc++";
				CLANG_ENABLE_MODULES = YES;
				CLANG_ENABLE_OBJC_ARC = YES;
				CLANG_WARN_BOOL_CONVERSION = YES;
				CLANG_WARN_CONSTANT_CONVERSION = YES;
				CLANG_WARN_DIRECT_OBJC_ISA_USAGE = YES_ERROR;
				CLANG_WARN_DOCUMENTATION_COMMENTS = YES;
				CLANG_WARN_EMPTY_BODY = YES;
				CLANG_WARN_ENUM_CONVERSION = YES;
				CLANG_WARN_INFINITE_RECURSION = YES;
				CLANG_WARN_INT_CONVERSION = YES;
				CLANG_WARN_OBJC_ROOT_CLASS = YES_ERROR;
				CLANG_WARN_SUSPICIOUS_MOVE = YES;
				CLANG_WARN_UNREACHABLE_CODE = YES;
				CLANG_WARN__DUPLICATE_METHOD_MATCH = YES;
				CODE_SIGN_IDENTITY = "-";
				COMBINE_HIDPI_IMAGES = YES;
				COPY_PHASE_STRIP = NO;
				DEBUG_INFORMATION_FORMAT = "dwarf-with-dsym";
				ENABLE_NS_ASSERTIONS = NO;
				ENABLE_STRICT_OBJC_MSGSEND = YES;
				GCC_C_LANGUAGE_STANDARD = gnu99;
				GCC_NO_COMMON_BLOCKS = YES;
				GCC_WARN_64_TO_32_BIT_CONVERSION = YES;
				GCC_WARN_ABOUT_RETURN_TYPE = YES_ERROR;
				GCC_WARN_UNDECLARED_SELECTOR = YES;
				GCC_WARN_UNINITIALIZED_AUTOS = YES_AGGRESSIVE;
				GCC_WARN_UNUSED_FUNCTION = YES;
				GCC_WARN_UNUSED_VARIABLE = YES;
				INFOPLIST_FILE = "Tests-macOS/Info.plist";
				LD_RUNPATH_SEARCH_PATHS = "$(inherited) @executable_path/../Frameworks @loader_path/../Frameworks";
				MACOSX_DEPLOYMENT_TARGET = 10.12;
				MTL_ENABLE_DEBUG_INFO = NO;
				PRODUCT_BUNDLE_IDENTIFIER = "com.letvargo.Tests-macOS";
				PRODUCT_NAME = "$(TARGET_NAME)";
				SDKROOT = macosx;
				SWIFT_OPTIMIZATION_LEVEL = "-Owholemodule";
				SWIFT_VERSION = 3.0;
			};
			name = Release;
		};
/* End XCBuildConfiguration section */

/* Begin XCConfigurationList section */
		93C9965F1E5DC2AE009184BF /* Build configuration list for PBXProject "TestProject" */ = {
			isa = XCConfigurationList;
			buildConfigurations = (
				93C996601E5DC2AE009184BF /* Debug */,
				93C996611E5DC2AE009184BF /* Release */,
			);
			defaultConfigurationIsVisible = 0;
			defaultConfigurationName = Release;
		};
		93C9966C1E5DC2C3009184BF /* Build configuration list for PBXNativeTarget "Tests-iOS" */ = {
			isa = XCConfigurationList;
			buildConfigurations = (
				93C9966D1E5DC2C3009184BF /* Debug */,
				93C9966E1E5DC2C3009184BF /* Release */,
			);
			defaultConfigurationIsVisible = 0;
			defaultConfigurationName = Release;
		};
		93C996781E5DC2E0009184BF /* Build configuration list for PBXNativeTarget "Tests-macOS" */ = {
			isa = XCConfigurationList;
			buildConfigurations = (
				93C996791E5DC2E0009184BF /* Debug */,
				93C9967A1E5DC2E0009184BF /* Release */,
			);
			defaultConfigurationIsVisible = 0;
			defaultConfigurationName = Release;
		};
/* End XCConfigurationList section */
	};
	rootObject = 93C9965C1E5DC2AE009184BF /* Project object */;
}
